
Microsoft Visual Studio Solution File, Format Version 12.00
# Visual Studio Version 17
VisualStudioVersion = 17.14.36327.8 d17.14
MinimumVisualStudioVersion = 10.0.40219.1
Project("{FAE04EC0-301F-11D3-BF4B-00C04F79EFBC}") = "huyhaha", "huyhaha\huyhaha.csproj", "{EBC53B89-351A-4332-8914-102F5D845D06}"
EndProject
Global
	GlobalSection(SolutionConfigurationPlatforms) = preSolution
		Debug|Any CPU = Debug|Any CPU
		Release|Any CPU = Release|Any CPU
	EndGlobalSection
	GlobalSection(ProjectConfigurationPlatforms) = postSolution
		{EBC53B89-351A-4332-8914-102F5D845D06}.Debug|Any CPU.ActiveCfg = Debug|Any CPU
		{EBC53B89-351A-4332-8914-102F5D845D06}.Debug|Any CPU.Build.0 = Debug|Any CPU
		{EBC53B89-351A-4332-8914-102F5D845D06}.Release|Any CPU.ActiveCfg = Release|Any CPU
		{EBC53B89-351A-4332-8914-102F5D845D06}.Release|Any CPU.Build.0 = Release|Any CPU
	EndGlobalSection
	GlobalSection(SolutionProperties) = preSolution
		HideSolutionNode = FALSE
	EndGlobalSection
	GlobalSection(ExtensibilityGlobals) = postSolution
		SolutionGuid = {7BA9BC2B-B2BE-4188-AC3C-913AAD39FED0}
	EndGlobalSection
EndGlobal
